
Microsoft Visual Studio Solution File, Format Version 12.00
# Visual Studio 2012
Project("{2150E333-8FDC-42A3-9474-1A3956D46DE8}") = "5-Framework", "5-Framework", "{531EE895-B7D8-4164-AF5A-A75410268CB1}"
EndProject
Project("{FAE04EC0-301F-11D3-BF4B-00C04F79EFBC}") = "ZQNet.Infrastructure.Crosscutting.AOP", "ZQNet.Infrastructure.Crosscutting.AOP\ZQNet.Infrastructure.Crosscutting.AOP.csproj", "{16EC4FCB-7104-4775-B730-531FA6E7B283}"
EndProject
Global
	GlobalSection(SolutionConfigurationPlatforms) = preSolution
		Debug|Any CPU = Debug|Any CPU
		Release|Any CPU = Release|Any CPU
	EndGlobalSection
	GlobalSection(ProjectConfigurationPlatforms) = postSolution
		{16EC4FCB-7104-4775-B730-531FA6E7B283}.Debug|Any CPU.ActiveCfg = Debug|Any CPU
		{16EC4FCB-7104-4775-B730-531FA6E7B283}.Debug|Any CPU.Build.0 = Debug|Any CPU
		{16EC4FCB-7104-4775-B730-531FA6E7B283}.Release|Any CPU.ActiveCfg = Release|Any CPU
		{16EC4FCB-7104-4775-B730-531FA6E7B283}.Release|Any CPU.Build.0 = Release|Any CPU
	EndGlobalSection
	GlobalSection(SolutionProperties) = preSolution
		HideSolutionNode = FALSE
	EndGlobalSection
	GlobalSection(NestedProjects) = preSolution
		{16EC4FCB-7104-4775-B730-531FA6E7B283} = {531EE895-B7D8-4164-AF5A-A75410268CB1}
	EndGlobalSection
EndGlobal
